
Microsoft Visual Studio Solution File, Format Version 12.00
# Visual Studio 14
VisualStudioVersion = 14.0.25420.1
MinimumVisualStudioVersion = 10.0.40219.1
Project("{FAE04EC0-301F-11D3-BF4B-00C04F79EFBC}") = "ChoiceCustomerShared.Droid", "ChoiceCustomerShared\ChoiceCustomerShared.Droid\ChoiceCustomerShared.Droid.csproj", "{14FD0E86-FA3C-4AD8-8496-B4854176B1D8}"
EndProject
Project("{FAE04EC0-301F-11D3-BF4B-00C04F79EFBC}") = "ChoiceCustomerShared.iOS", "ChoiceCustomerShared\ChoiceCustomerShared.iOS\ChoiceCustomerShared.iOS.csproj", "{8DA1C7BE-C9E4-4A35-9BA3-BE439171CCDC}"
EndProject
Project("{FAE04EC0-301F-11D3-BF4B-00C04F79EFBC}") = "ChoiceCustomerShared.WinPhone", "ChoiceCustomerShared\ChoiceCustomerShared.WinPhone\ChoiceCustomerShared.WinPhone.csproj", "{550BEF89-13DC-4046-AC85-F8AC4B72DBD7}"
EndProject
Project("{FAE04EC0-301F-11D3-BF4B-00C04F79EFBC}") = "ChoiceCustomerShared.UWP", "ChoiceCustomerShared\ChoiceCustomerShared.UWP\ChoiceCustomerShared.UWP.csproj", "{D375966B-5537-4ED3-9063-70F3D44D1A88}"
EndProject
Project("{FAE04EC0-301F-11D3-BF4B-00C04F79EFBC}") = "ChoiceCustomerShared.Windows", "ChoiceCustomerShared\ChoiceCustomerShared.Windows\ChoiceCustomerShared.Windows.csproj", "{845D521B-CC5C-4C17-BC15-CAC5EFDFE642}"
EndProject
Project("{D954291E-2A0B-460D-934E-DC6B0785DB48}") = "ChoiceCustomerShared", "ChoiceCustomerShared\ChoiceCustomerShared\ChoiceCustomerShared.shproj", "{40C3DEB5-D333-4F90-856F-3639227349A3}"
EndProject
Global
	GlobalSection(SharedMSBuildProjectFiles) = preSolution
		ChoiceCustomerShared\ChoiceCustomerShared\ChoiceCustomerShared.projitems*{14fd0e86-fa3c-4ad8-8496-b4854176b1d8}*SharedItemsImports = 4
		ChoiceCustomerShared\ChoiceCustomerShared\ChoiceCustomerShared.projitems*{40c3deb5-d333-4f90-856f-3639227349a3}*SharedItemsImports = 13
		ChoiceCustomerShared\ChoiceCustomerShared\ChoiceCustomerShared.projitems*{550bef89-13dc-4046-ac85-f8ac4b72dbd7}*SharedItemsImports = 4
		ChoiceCustomerShared\ChoiceCustomerShared\ChoiceCustomerShared.projitems*{845d521b-cc5c-4c17-bc15-cac5efdfe642}*SharedItemsImports = 4
		ChoiceCustomerShared\ChoiceCustomerShared\ChoiceCustomerShared.projitems*{8da1c7be-c9e4-4a35-9ba3-be439171ccdc}*SharedItemsImports = 4
		ChoiceCustomerShared\ChoiceCustomerShared\ChoiceCustomerShared.projitems*{d375966b-5537-4ed3-9063-70f3d44d1a88}*SharedItemsImports = 4
	EndGlobalSection
	GlobalSection(SolutionConfigurationPlatforms) = preSolution
		Ad-Hoc|Any CPU = Ad-Hoc|Any CPU
		Ad-Hoc|ARM = Ad-Hoc|ARM
		Ad-Hoc|iPhone = Ad-Hoc|iPhone
		Ad-Hoc|iPhoneSimulator = Ad-Hoc|iPhoneSimulator
		Ad-Hoc|x64 = Ad-Hoc|x64
		Ad-Hoc|x86 = Ad-Hoc|x86
		AppStore|Any CPU = AppStore|Any CPU
		AppStore|ARM = AppStore|ARM
		AppStore|iPhone = AppStore|iPhone
		AppStore|iPhoneSimulator = AppStore|iPhoneSimulator
		AppStore|x64 = AppStore|x64
		AppStore|x86 = AppStore|x86
		Debug|Any CPU = Debug|Any CPU
		Debug|ARM = Debug|ARM
		Debug|iPhone = Debug|iPhone
		Debug|iPhoneSimulator = Debug|iPhoneSimulator
		Debug|x64 = Debug|x64
		Debug|x86 = Debug|x86
		Release|Any CPU = Release|Any CPU
		Release|ARM = Release|ARM
		Release|iPhone = Release|iPhone
		Release|iPhoneSimulator = Release|iPhoneSimulator
		Release|x64 = Release|x64
		Release|x86 = Release|x86
	EndGlobalSection
	GlobalSection(ProjectConfigurationPlatforms) = postSolution
		{14FD0E86-FA3C-4AD8-8496-B4854176B1D8}.Ad-Hoc|Any CPU.ActiveCfg = Release|Any CPU
		{14FD0E86-FA3C-4AD8-8496-B4854176B1D8}.Ad-Hoc|Any CPU.Build.0 = Release|Any CPU
		{14FD0E86-FA3C-4AD8-8496-B4854176B1D8}.Ad-Hoc|Any CPU.Deploy.0 = Release|Any CPU
		{14FD0E86-FA3C-4AD8-8496-B4854176B1D8}.Ad-Hoc|ARM.ActiveCfg = Release|Any CPU
		{14FD0E86-FA3C-4AD8-8496-B4854176B1D8}.Ad-Hoc|ARM.Build.0 = Release|Any CPU
		{14FD0E86-FA3C-4AD8-8496-B4854176B1D8}.Ad-Hoc|ARM.Deploy.0 = Release|Any CPU
		{14FD0E86-FA3C-4AD8-8496-B4854176B1D8}.Ad-Hoc|iPhone.ActiveCfg = Release|Any CPU
		{14FD0E86-FA3C-4AD8-8496-B4854176B1D8}.Ad-Hoc|iPhone.Build.0 = Release|Any CPU
		{14FD0E86-FA3C-4AD8-8496-B4854176B1D8}.Ad-Hoc|iPhone.Deploy.0 = Release|Any CPU
		{14FD0E86-FA3C-4AD8-8496-B4854176B1D8}.Ad-Hoc|iPhoneSimulator.ActiveCfg = Release|Any CPU
		{14FD0E86-FA3C-4AD8-8496-B4854176B1D8}.Ad-Hoc|iPhoneSimulator.Build.0 = Release|Any CPU
		{14FD0E86-FA3C-4AD8-8496-B4854176B1D8}.Ad-Hoc|iPhoneSimulator.Deploy.0 = Release|Any CPU
		{14FD0E86-FA3C-4AD8-8496-B4854176B1D8}.Ad-Hoc|x64.ActiveCfg = Release|Any CPU
		{14FD0E86-FA3C-4AD8-8496-B4854176B1D8}.Ad-Hoc|x64.Build.0 = Release|Any CPU
		{14FD0E86-FA3C-4AD8-8496-B4854176B1D8}.Ad-Hoc|x64.Deploy.0 = Release|Any CPU
		{14FD0E86-FA3C-4AD8-8496-B4854176B1D8}.Ad-Hoc|x86.ActiveCfg = Release|Any CPU
		{14FD0E86-FA3C-4AD8-8496-B4854176B1D8}.Ad-Hoc|x86.Build.0 = Release|Any CPU
		{14FD0E86-FA3C-4AD8-8496-B4854176B1D8}.Ad-Hoc|x86.Deploy.0 = Release|Any CPU
		{14FD0E86-FA3C-4AD8-8496-B4854176B1D8}.AppStore|Any CPU.ActiveCfg = Release|Any CPU
		{14FD0E86-FA3C-4AD8-8496-B4854176B1D8}.AppStore|Any CPU.Build.0 = Release|Any CPU
		{14FD0E86-FA3C-4AD8-8496-B4854176B1D8}.AppStore|Any CPU.Deploy.0 = Release|Any CPU
		{14FD0E86-FA3C-4AD8-8496-B4854176B1D8}.AppStore|ARM.ActiveCfg = Release|Any CPU
		{14FD0E86-FA3C-4AD8-8496-B4854176B1D8}.AppStore|ARM.Build.0 = Release|Any CPU
		{14FD0E86-FA3C-4AD8-8496-B4854176B1D8}.AppStore|ARM.Deploy.0 = Release|Any CPU
		{14FD0E86-FA3C-4AD8-8496-B4854176B1D8}.AppStore|iPhone.ActiveCfg = Release|Any CPU
		{14FD0E86-FA3C-4AD8-8496-B4854176B1D8}.AppStore|iPhone.Build.0 = Release|Any CPU
		{14FD0E86-FA3C-4AD8-8496-B4854176B1D8}.AppStore|iPhone.Deploy.0 = Release|Any CPU
		{14FD0E86-FA3C-4AD8-8496-B4854176B1D8}.AppStore|iPhoneSimulator.ActiveCfg = Release|Any CPU
		{14FD0E86-FA3C-4AD8-8496-B4854176B1D8}.AppStore|iPhoneSimulator.Build.0 = Release|Any CPU
		{14FD0E86-FA3C-4AD8-8496-B4854176B1D8}.AppStore|iPhoneSimulator.Deploy.0 = Release|Any CPU
		{14FD0E86-FA3C-4AD8-8496-B4854176B1D8}.AppStore|x64.ActiveCfg = Release|Any CPU
		{14FD0E86-FA3C-4AD8-8496-B4854176B1D8}.AppStore|x64.Build.0 = Release|Any CPU
		{14FD0E86-FA3C-4AD8-8496-B4854176B1D8}.AppStore|x64.Deploy.0 = Release|Any CPU
		{14FD0E86-FA3C-4AD8-8496-B4854176B1D8}.AppStore|x86.ActiveCfg = Release|Any CPU
		{14FD0E86-FA3C-4AD8-8496-B4854176B1D8}.AppStore|x86.Build.0 = Release|Any CPU
		{14FD0E86-FA3C-4AD8-8496-B4854176B1D8}.AppStore|x86.Deploy.0 = Release|Any CPU
		{14FD0E86-FA3C-4AD8-8496-B4854176B1D8}.Debug|Any CPU.ActiveCfg = Debug|Any CPU
		{14FD0E86-FA3C-4AD8-8496-B4854176B1D8}.Debug|Any CPU.Build.0 = Debug|Any CPU
		{14FD0E86-FA3C-4AD8-8496-B4854176B1D8}.Debug|Any CPU.Deploy.0 = Debug|Any CPU
		{14FD0E86-FA3C-4AD8-8496-B4854176B1D8}.Debug|ARM.ActiveCfg = Debug|Any CPU
		{14FD0E86-FA3C-4AD8-8496-B4854176B1D8}.Debug|ARM.Build.0 = Debug|Any CPU
		{14FD0E86-FA3C-4AD8-8496-B4854176B1D8}.Debug|ARM.Deploy.0 = Debug|Any CPU
		{14FD0E86-FA3C-4AD8-8496-B4854176B1D8}.Debug|iPhone.ActiveCfg = Debug|Any CPU
		{14FD0E86-FA3C-4AD8-8496-B4854176B1D8}.Debug|iPhone.Build.0 = Debug|Any CPU
		{14FD0E86-FA3C-4AD8-8496-B4854176B1D8}.Debug|iPhone.Deploy.0 = Debug|Any CPU
		{14FD0E86-FA3C-4AD8-8496-B4854176B1D8}.Debug|iPhoneSimulator.ActiveCfg = Debug|Any CPU
		{14FD0E86-FA3C-4AD8-8496-B4854176B1D8}.Debug|iPhoneSimulator.Build.0 = Debug|Any CPU
		{14FD0E86-FA3C-4AD8-8496-B4854176B1D8}.Debug|iPhoneSimulator.Deploy.0 = Debug|Any CPU
		{14FD0E86-FA3C-4AD8-8496-B4854176B1D8}.Debug|x64.ActiveCfg = Debug|Any CPU
		{14FD0E86-FA3C-4AD8-8496-B4854176B1D8}.Debug|x64.Build.0 = Debug|Any CPU
		{14FD0E86-FA3C-4AD8-8496-B4854176B1D8}.Debug|x64.Deploy.0 = Debug|Any CPU
		{14FD0E86-FA3C-4AD8-8496-B4854176B1D8}.Debug|x86.ActiveCfg = Debug|Any CPU
		{14FD0E86-FA3C-4AD8-8496-B4854176B1D8}.Debug|x86.Build.0 = Debug|Any CPU
		{14FD0E86-FA3C-4AD8-8496-B4854176B1D8}.Debug|x86.Deploy.0 = Debug|Any CPU
		{14FD0E86-FA3C-4AD8-8496-B4854176B1D8}.Release|Any CPU.ActiveCfg = Release|Any CPU
		{14FD0E86-FA3C-4AD8-8496-B4854176B1D8}.Release|Any CPU.Build.0 = Release|Any CPU
		{14FD0E86-FA3C-4AD8-8496-B4854176B1D8}.Release|Any CPU.Deploy.0 = Release|Any CPU
		{14FD0E86-FA3C-4AD8-8496-B4854176B1D8}.Release|ARM.ActiveCfg = Release|Any CPU
		{14FD0E86-FA3C-4AD8-8496-B4854176B1D8}.Release|ARM.Build.0 = Release|Any CPU
		{14FD0E86-FA3C-4AD8-8496-B4854176B1D8}.Release|ARM.Deploy.0 = Release|Any CPU
		{14FD0E86-FA3C-4AD8-8496-B4854176B1D8}.Release|iPhone.ActiveCfg = Release|Any CPU
		{14FD0E86-FA3C-4AD8-8496-B4854176B1D8}.Release|iPhone.Build.0 = Release|Any CPU
		{14FD0E86-FA3C-4AD8-8496-B4854176B1D8}.Release|iPhone.Deploy.0 = Release|Any CPU
		{14FD0E86-FA3C-4AD8-8496-B4854176B1D8}.Release|iPhoneSimulator.ActiveCfg = Release|Any CPU
		{14FD0E86-FA3C-4AD8-8496-B4854176B1D8}.Release|iPhoneSimulator.Build.0 = Release|Any CPU
		{14FD0E86-FA3C-4AD8-8496-B4854176B1D8}.Release|iPhoneSimulator.Deploy.0 = Release|Any CPU
		{14FD0E86-FA3C-4AD8-8496-B4854176B1D8}.Release|x64.ActiveCfg = Release|Any CPU
		{14FD0E86-FA3C-4AD8-8496-B4854176B1D8}.Release|x64.Build.0 = Release|Any CPU
		{14FD0E86-FA3C-4AD8-8496-B4854176B1D8}.Release|x64.Deploy.0 = Release|Any CPU
		{14FD0E86-FA3C-4AD8-8496-B4854176B1D8}.Release|x86.ActiveCfg = Release|Any CPU
		{14FD0E86-FA3C-4AD8-8496-B4854176B1D8}.Release|x86.Build.0 = Release|Any CPU
		{14FD0E86-FA3C-4AD8-8496-B4854176B1D8}.Release|x86.Deploy.0 = Release|Any CPU
		{8DA1C7BE-C9E4-4A35-9BA3-BE439171CCDC}.Ad-Hoc|Any CPU.ActiveCfg = Ad-Hoc|iPhone
		{8DA1C7BE-C9E4-4A35-9BA3-BE439171CCDC}.Ad-Hoc|ARM.ActiveCfg = Ad-Hoc|iPhone
		{8DA1C7BE-C9E4-4A35-9BA3-BE439171CCDC}.Ad-Hoc|iPhone.ActiveCfg = Ad-Hoc|iPhone
		{8DA1C7BE-C9E4-4A35-9BA3-BE439171CCDC}.Ad-Hoc|iPhone.Build.0 = Ad-Hoc|iPhone
		{8DA1C7BE-C9E4-4A35-9BA3-BE439171CCDC}.Ad-Hoc|iPhoneSimulator.ActiveCfg = Ad-Hoc|iPhoneSimulator
		{8DA1C7BE-C9E4-4A35-9BA3-BE439171CCDC}.Ad-Hoc|iPhoneSimulator.Build.0 = Ad-Hoc|iPhoneSimulator
		{8DA1C7BE-C9E4-4A35-9BA3-BE439171CCDC}.Ad-Hoc|x64.ActiveCfg = Ad-Hoc|iPhone
		{8DA1C7BE-C9E4-4A35-9BA3-BE439171CCDC}.Ad-Hoc|x86.ActiveCfg = Ad-Hoc|iPhone
		{8DA1C7BE-C9E4-4A35-9BA3-BE439171CCDC}.AppStore|Any CPU.ActiveCfg = AppStore|iPhone
		{8DA1C7BE-C9E4-4A35-9BA3-BE439171CCDC}.AppStore|ARM.ActiveCfg = AppStore|iPhone
		{8DA1C7BE-C9E4-4A35-9BA3-BE439171CCDC}.AppStore|iPhone.ActiveCfg = AppStore|iPhone
		{8DA1C7BE-C9E4-4A35-9BA3-BE439171CCDC}.AppStore|iPhone.Build.0 = AppStore|iPhone
		{8DA1C7BE-C9E4-4A35-9BA3-BE439171CCDC}.AppStore|iPhoneSimulator.ActiveCfg = AppStore|iPhoneSimulator
		{8DA1C7BE-C9E4-4A35-9BA3-BE439171CCDC}.AppStore|iPhoneSimulator.Build.0 = AppStore|iPhoneSimulator
		{8DA1C7BE-C9E4-4A35-9BA3-BE439171CCDC}.AppStore|x64.ActiveCfg = AppStore|iPhone
		{8DA1C7BE-C9E4-4A35-9BA3-BE439171CCDC}.AppStore|x86.ActiveCfg = AppStore|iPhone
		{8DA1C7BE-C9E4-4A35-9BA3-BE439171CCDC}.Debug|Any CPU.ActiveCfg = Debug|iPhone
		{8DA1C7BE-C9E4-4A35-9BA3-BE439171CCDC}.Debug|ARM.ActiveCfg = Debug|iPhone
		{8DA1C7BE-C9E4-4A35-9BA3-BE439171CCDC}.Debug|iPhone.ActiveCfg = Debug|iPhone
		{8DA1C7BE-C9E4-4A35-9BA3-BE439171CCDC}.Debug|iPhone.Build.0 = Debug|iPhone
		{8DA1C7BE-C9E4-4A35-9BA3-BE439171CCDC}.Debug|iPhoneSimulator.ActiveCfg = Debug|iPhoneSimulator
		{8DA1C7BE-C9E4-4A35-9BA3-BE439171CCDC}.Debug|iPhoneSimulator.Build.0 = Debug|iPhoneSimulator
		{8DA1C7BE-C9E4-4A35-9BA3-BE439171CCDC}.Debug|x64.ActiveCfg = Debug|iPhone
		{8DA1C7BE-C9E4-4A35-9BA3-BE439171CCDC}.Debug|x86.ActiveCfg = Debug|iPhone
		{8DA1C7BE-C9E4-4A35-9BA3-BE439171CCDC}.Release|Any CPU.ActiveCfg = Release|iPhone
		{8DA1C7BE-C9E4-4A35-9BA3-BE439171CCDC}.Release|ARM.ActiveCfg = Release|iPhone
		{8DA1C7BE-C9E4-4A35-9BA3-BE439171CCDC}.Release|iPhone.ActiveCfg = Release|iPhone
		{8DA1C7BE-C9E4-4A35-9BA3-BE439171CCDC}.Release|iPhone.Build.0 = Release|iPhone
		{8DA1C7BE-C9E4-4A35-9BA3-BE439171CCDC}.Release|iPhoneSimulator.ActiveCfg = Release|iPhoneSimulator
		{8DA1C7BE-C9E4-4A35-9BA3-BE439171CCDC}.Release|iPhoneSimulator.Build.0 = Release|iPhoneSimulator
		{8DA1C7BE-C9E4-4A35-9BA3-BE439171CCDC}.Release|x64.ActiveCfg = Release|iPhone
		{8DA1C7BE-C9E4-4A35-9BA3-BE439171CCDC}.Release|x86.ActiveCfg = Release|iPhone
		{550BEF89-13DC-4046-AC85-F8AC4B72DBD7}.Ad-Hoc|Any CPU.ActiveCfg = Release|Any CPU
		{550BEF89-13DC-4046-AC85-F8AC4B72DBD7}.Ad-Hoc|Any CPU.Build.0 = Release|Any CPU
		{550BEF89-13DC-4046-AC85-F8AC4B72DBD7}.Ad-Hoc|Any CPU.Deploy.0 = Release|Any CPU
		{550BEF89-13DC-4046-AC85-F8AC4B72DBD7}.Ad-Hoc|ARM.ActiveCfg = Release|ARM
		{550BEF89-13DC-4046-AC85-F8AC4B72DBD7}.Ad-Hoc|ARM.Build.0 = Release|ARM
		{550BEF89-13DC-4046-AC85-F8AC4B72DBD7}.Ad-Hoc|ARM.Deploy.0 = Release|ARM
		{550BEF89-13DC-4046-AC85-F8AC4B72DBD7}.Ad-Hoc|iPhone.ActiveCfg = Release|Any CPU
		{550BEF89-13DC-4046-AC85-F8AC4B72DBD7}.Ad-Hoc|iPhone.Build.0 = Release|Any CPU
		{550BEF89-13DC-4046-AC85-F8AC4B72DBD7}.Ad-Hoc|iPhone.Deploy.0 = Release|Any CPU
		{550BEF89-13DC-4046-AC85-F8AC4B72DBD7}.Ad-Hoc|iPhoneSimulator.ActiveCfg = Release|Any CPU
		{550BEF89-13DC-4046-AC85-F8AC4B72DBD7}.Ad-Hoc|iPhoneSimulator.Build.0 = Release|Any CPU
		{550BEF89-13DC-4046-AC85-F8AC4B72DBD7}.Ad-Hoc|iPhoneSimulator.Deploy.0 = Release|Any CPU
		{550BEF89-13DC-4046-AC85-F8AC4B72DBD7}.Ad-Hoc|x64.ActiveCfg = Release|Any CPU
		{550BEF89-13DC-4046-AC85-F8AC4B72DBD7}.Ad-Hoc|x64.Build.0 = Release|Any CPU
		{550BEF89-13DC-4046-AC85-F8AC4B72DBD7}.Ad-Hoc|x64.Deploy.0 = Release|Any CPU
		{550BEF89-13DC-4046-AC85-F8AC4B72DBD7}.Ad-Hoc|x86.ActiveCfg = Release|x86
		{550BEF89-13DC-4046-AC85-F8AC4B72DBD7}.Ad-Hoc|x86.Build.0 = Release|x86
		{550BEF89-13DC-4046-AC85-F8AC4B72DBD7}.Ad-Hoc|x86.Deploy.0 = Release|x86
		{550BEF89-13DC-4046-AC85-F8AC4B72DBD7}.AppStore|Any CPU.ActiveCfg = Release|Any CPU
		{550BEF89-13DC-4046-AC85-F8AC4B72DBD7}.AppStore|Any CPU.Build.0 = Release|Any CPU
		{550BEF89-13DC-4046-AC85-F8AC4B72DBD7}.AppStore|Any CPU.Deploy.0 = Release|Any CPU
		{550BEF89-13DC-4046-AC85-F8AC4B72DBD7}.AppStore|ARM.ActiveCfg = Release|ARM
		{550BEF89-13DC-4046-AC85-F8AC4B72DBD7}.AppStore|ARM.Build.0 = Release|ARM
		{550BEF89-13DC-4046-AC85-F8AC4B72DBD7}.AppStore|ARM.Deploy.0 = Release|ARM
		{550BEF89-13DC-4046-AC85-F8AC4B72DBD7}.AppStore|iPhone.ActiveCfg = Release|Any CPU
		{550BEF89-13DC-4046-AC85-F8AC4B72DBD7}.AppStore|iPhone.Build.0 = Release|Any CPU
		{550BEF89-13DC-4046-AC85-F8AC4B72DBD7}.AppStore|iPhone.Deploy.0 = Release|Any CPU
		{550BEF89-13DC-4046-AC85-F8AC4B72DBD7}.AppStore|iPhoneSimulator.ActiveCfg = Release|Any CPU
		{550BEF89-13DC-4046-AC85-F8AC4B72DBD7}.AppStore|iPhoneSimulator.Build.0 = Release|Any CPU
		{550BEF89-13DC-4046-AC85-F8AC4B72DBD7}.AppStore|iPhoneSimulator.Deploy.0 = Release|Any CPU
		{550BEF89-13DC-4046-AC85-F8AC4B72DBD7}.AppStore|x64.ActiveCfg = Release|Any CPU
		{550BEF89-13DC-4046-AC85-F8AC4B72DBD7}.AppStore|x64.Build.0 = Release|Any CPU
		{550BEF89-13DC-4046-AC85-F8AC4B72DBD7}.AppStore|x64.Deploy.0 = Release|Any CPU
		{550BEF89-13DC-4046-AC85-F8AC4B72DBD7}.AppStore|x86.ActiveCfg = Release|x86
		{550BEF89-13DC-4046-AC85-F8AC4B72DBD7}.AppStore|x86.Build.0 = Release|x86
		{550BEF89-13DC-4046-AC85-F8AC4B72DBD7}.AppStore|x86.Deploy.0 = Release|x86
		{550BEF89-13DC-4046-AC85-F8AC4B72DBD7}.Debug|Any CPU.ActiveCfg = Debug|Any CPU
		{550BEF89-13DC-4046-AC85-F8AC4B72DBD7}.Debug|Any CPU.Build.0 = Debug|Any CPU
		{550BEF89-13DC-4046-AC85-F8AC4B72DBD7}.Debug|Any CPU.Deploy.0 = Debug|Any CPU
		{550BEF89-13DC-4046-AC85-F8AC4B72DBD7}.Debug|ARM.ActiveCfg = Debug|ARM
		{550BEF89-13DC-4046-AC85-F8AC4B72DBD7}.Debug|ARM.Build.0 = Debug|ARM
		{550BEF89-13DC-4046-AC85-F8AC4B72DBD7}.Debug|ARM.Deploy.0 = Debug|ARM
		{550BEF89-13DC-4046-AC85-F8AC4B72DBD7}.Debug|iPhone.ActiveCfg = Debug|Any CPU
		{550BEF89-13DC-4046-AC85-F8AC4B72DBD7}.Debug|iPhone.Build.0 = Debug|Any CPU
		{550BEF89-13DC-4046-AC85-F8AC4B72DBD7}.Debug|iPhone.Deploy.0 = Debug|Any CPU
		{550BEF89-13DC-4046-AC85-F8AC4B72DBD7}.Debug|iPhoneSimulator.ActiveCfg = Debug|Any CPU
		{550BEF89-13DC-4046-AC85-F8AC4B72DBD7}.Debug|iPhoneSimulator.Build.0 = Debug|Any CPU
		{550BEF89-13DC-4046-AC85-F8AC4B72DBD7}.Debug|iPhoneSimulator.Deploy.0 = Debug|Any CPU
		{550BEF89-13DC-4046-AC85-F8AC4B72DBD7}.Debug|x64.ActiveCfg = Debug|Any CPU
		{550BEF89-13DC-4046-AC85-F8AC4B72DBD7}.Debug|x64.Build.0 = Debug|Any CPU
		{550BEF89-13DC-4046-AC85-F8AC4B72DBD7}.Debug|x64.Deploy.0 = Debug|Any CPU
		{550BEF89-13DC-4046-AC85-F8AC4B72DBD7}.Debug|x86.ActiveCfg = Debug|x86
		{550BEF89-13DC-4046-AC85-F8AC4B72DBD7}.Debug|x86.Build.0 = Debug|x86
		{550BEF89-13DC-4046-AC85-F8AC4B72DBD7}.Debug|x86.Deploy.0 = Debug|x86
		{550BEF89-13DC-4046-AC85-F8AC4B72DBD7}.Release|Any CPU.ActiveCfg = Release|Any CPU
		{550BEF89-13DC-4046-AC85-F8AC4B72DBD7}.Release|Any CPU.Build.0 = Release|Any CPU
		{550BEF89-13DC-4046-AC85-F8AC4B72DBD7}.Release|Any CPU.Deploy.0 = Release|Any CPU
		{550BEF89-13DC-4046-AC85-F8AC4B72DBD7}.Release|ARM.ActiveCfg = Release|ARM
		{550BEF89-13DC-4046-AC85-F8AC4B72DBD7}.Release|ARM.Build.0 = Release|ARM
		{550BEF89-13DC-4046-AC85-F8AC4B72DBD7}.Release|ARM.Deploy.0 = Release|ARM
		{550BEF89-13DC-4046-AC85-F8AC4B72DBD7}.Release|iPhone.ActiveCfg = Release|Any CPU
		{550BEF89-13DC-4046-AC85-F8AC4B72DBD7}.Release|iPhone.Build.0 = Release|Any CPU
		{550BEF89-13DC-4046-AC85-F8AC4B72DBD7}.Release|iPhone.Deploy.0 = Release|Any CPU
		{550BEF89-13DC-4046-AC85-F8AC4B72DBD7}.Release|iPhoneSimulator.ActiveCfg = Release|Any CPU
		{550BEF89-13DC-4046-AC85-F8AC4B72DBD7}.Release|iPhoneSimulator.Build.0 = Release|Any CPU
		{550BEF89-13DC-4046-AC85-F8AC4B72DBD7}.Release|iPhoneSimulator.Deploy.0 = Release|Any CPU
		{550BEF89-13DC-4046-AC85-F8AC4B72DBD7}.Release|x64.ActiveCfg = Release|Any CPU
		{550BEF89-13DC-4046-AC85-F8AC4B72DBD7}.Release|x64.Build.0 = Release|Any CPU
		{550BEF89-13DC-4046-AC85-F8AC4B72DBD7}.Release|x64.Deploy.0 = Release|Any CPU
		{550BEF89-13DC-4046-AC85-F8AC4B72DBD7}.Release|x86.ActiveCfg = Release|x86
		{550BEF89-13DC-4046-AC85-F8AC4B72DBD7}.Release|x86.Build.0 = Release|x86
		{550BEF89-13DC-4046-AC85-F8AC4B72DBD7}.Release|x86.Deploy.0 = Release|x86
		{D375966B-5537-4ED3-9063-70F3D44D1A88}.Ad-Hoc|Any CPU.ActiveCfg = Release|x86
		{D375966B-5537-4ED3-9063-70F3D44D1A88}.Ad-Hoc|Any CPU.Build.0 = Release|x86
		{D375966B-5537-4ED3-9063-70F3D44D1A88}.Ad-Hoc|Any CPU.Deploy.0 = Release|x86
		{D375966B-5537-4ED3-9063-70F3D44D1A88}.Ad-Hoc|ARM.ActiveCfg = Release|ARM
		{D375966B-5537-4ED3-9063-70F3D44D1A88}.Ad-Hoc|ARM.Build.0 = Release|ARM
		{D375966B-5537-4ED3-9063-70F3D44D1A88}.Ad-Hoc|ARM.Deploy.0 = Release|ARM
		{D375966B-5537-4ED3-9063-70F3D44D1A88}.Ad-Hoc|iPhone.ActiveCfg = Release|x86
		{D375966B-5537-4ED3-9063-70F3D44D1A88}.Ad-Hoc|iPhone.Build.0 = Release|x86
		{D375966B-5537-4ED3-9063-70F3D44D1A88}.Ad-Hoc|iPhone.Deploy.0 = Release|x86
		{D375966B-5537-4ED3-9063-70F3D44D1A88}.Ad-Hoc|iPhoneSimulator.ActiveCfg = Release|x86
		{D375966B-5537-4ED3-9063-70F3D44D1A88}.Ad-Hoc|iPhoneSimulator.Build.0 = Release|x86
		{D375966B-5537-4ED3-9063-70F3D44D1A88}.Ad-Hoc|iPhoneSimulator.Deploy.0 = Release|x86
		{D375966B-5537-4ED3-9063-70F3D44D1A88}.Ad-Hoc|x64.ActiveCfg = Release|x64
		{D375966B-5537-4ED3-9063-70F3D44D1A88}.Ad-Hoc|x64.Build.0 = Release|x64
		{D375966B-5537-4ED3-9063-70F3D44D1A88}.Ad-Hoc|x64.Deploy.0 = Release|x64
		{D375966B-5537-4ED3-9063-70F3D44D1A88}.Ad-Hoc|x86.ActiveCfg = Release|x86
		{D375966B-5537-4ED3-9063-70F3D44D1A88}.Ad-Hoc|x86.Build.0 = Release|x86
		{D375966B-5537-4ED3-9063-70F3D44D1A88}.Ad-Hoc|x86.Deploy.0 = Release|x86
		{D375966B-5537-4ED3-9063-70F3D44D1A88}.AppStore|Any CPU.ActiveCfg = Release|x86
		{D375966B-5537-4ED3-9063-70F3D44D1A88}.AppStore|Any CPU.Build.0 = Release|x86
		{D375966B-5537-4ED3-9063-70F3D44D1A88}.AppStore|Any CPU.Deploy.0 = Release|x86
		{D375966B-5537-4ED3-9063-70F3D44D1A88}.AppStore|ARM.ActiveCfg = Release|ARM
		{D375966B-5537-4ED3-9063-70F3D44D1A88}.AppStore|ARM.Build.0 = Release|ARM
		{D375966B-5537-4ED3-9063-70F3D44D1A88}.AppStore|ARM.Deploy.0 = Release|ARM
		{D375966B-5537-4ED3-9063-70F3D44D1A88}.AppStore|iPhone.ActiveCfg = Release|x86
		{D375966B-5537-4ED3-9063-70F3D44D1A88}.AppStore|iPhone.Build.0 = Release|x86
		{D375966B-5537-4ED3-9063-70F3D44D1A88}.AppStore|iPhone.Deploy.0 = Release|x86
		{D375966B-5537-4ED3-9063-70F3D44D1A88}.AppStore|iPhoneSimulator.ActiveCfg = Release|x86
		{D375966B-5537-4ED3-9063-70F3D44D1A88}.AppStore|iPhoneSimulator.Build.0 = Release|x86
		{D375966B-5537-4ED3-9063-70F3D44D1A88}.AppStore|iPhoneSimulator.Deploy.0 = Release|x86
		{D375966B-5537-4ED3-9063-70F3D44D1A88}.AppStore|x64.ActiveCfg = Release|x64
		{D375966B-5537-4ED3-9063-70F3D44D1A88}.AppStore|x64.Build.0 = Release|x64
		{D375966B-5537-4ED3-9063-70F3D44D1A88}.AppStore|x64.Deploy.0 = Release|x64
		{D375966B-5537-4ED3-9063-70F3D44D1A88}.AppStore|x86.ActiveCfg = Release|x86
		{D375966B-5537-4ED3-9063-70F3D44D1A88}.AppStore|x86.Build.0 = Release|x86
		{D375966B-5537-4ED3-9063-70F3D44D1A88}.AppStore|x86.Deploy.0 = Release|x86
		{D375966B-5537-4ED3-9063-70F3D44D1A88}.Debug|Any CPU.ActiveCfg = Debug|x86
		{D375966B-5537-4ED3-9063-70F3D44D1A88}.Debug|ARM.ActiveCfg = Debug|ARM
		{D375966B-5537-4ED3-9063-70F3D44D1A88}.Debug|ARM.Build.0 = Debug|ARM
		{D375966B-5537-4ED3-9063-70F3D44D1A88}.Debug|ARM.Deploy.0 = Debug|ARM
		{D375966B-5537-4ED3-9063-70F3D44D1A88}.Debug|iPhone.ActiveCfg = Debug|x86
		{D375966B-5537-4ED3-9063-70F3D44D1A88}.Debug|iPhoneSimulator.ActiveCfg = Debug|x86
		{D375966B-5537-4ED3-9063-70F3D44D1A88}.Debug|x64.ActiveCfg = Debug|x64
		{D375966B-5537-4ED3-9063-70F3D44D1A88}.Debug|x64.Build.0 = Debug|x64
		{D375966B-5537-4ED3-9063-70F3D44D1A88}.Debug|x64.Deploy.0 = Debug|x64
		{D375966B-5537-4ED3-9063-70F3D44D1A88}.Debug|x86.ActiveCfg = Debug|x86
		{D375966B-5537-4ED3-9063-70F3D44D1A88}.Debug|x86.Build.0 = Debug|x86
		{D375966B-5537-4ED3-9063-70F3D44D1A88}.Debug|x86.Deploy.0 = Debug|x86
		{D375966B-5537-4ED3-9063-70F3D44D1A88}.Release|Any CPU.ActiveCfg = Release|x86
		{D375966B-5537-4ED3-9063-70F3D44D1A88}.Release|ARM.ActiveCfg = Release|ARM
		{D375966B-5537-4ED3-9063-70F3D44D1A88}.Release|ARM.Build.0 = Release|ARM
		{D375966B-5537-4ED3-9063-70F3D44D1A88}.Release|ARM.Deploy.0 = Release|ARM
		{D375966B-5537-4ED3-9063-70F3D44D1A88}.Release|iPhone.ActiveCfg = Release|x86
		{D375966B-5537-4ED3-9063-70F3D44D1A88}.Release|iPhoneSimulator.ActiveCfg = Release|x86
		{D375966B-5537-4ED3-9063-70F3D44D1A88}.Release|x64.ActiveCfg = Release|x64
		{D375966B-5537-4ED3-9063-70F3D44D1A88}.Release|x64.Build.0 = Release|x64
		{D375966B-5537-4ED3-9063-70F3D44D1A88}.Release|x64.Deploy.0 = Release|x64
		{D375966B-5537-4ED3-9063-70F3D44D1A88}.Release|x86.ActiveCfg = Release|x86
		{D375966B-5537-4ED3-9063-70F3D44D1A88}.Release|x86.Build.0 = Release|x86
		{D375966B-5537-4ED3-9063-70F3D44D1A88}.Release|x86.Deploy.0 = Release|x86
		{845D521B-CC5C-4C17-BC15-CAC5EFDFE642}.Ad-Hoc|Any CPU.ActiveCfg = Release|Any CPU
		{845D521B-CC5C-4C17-BC15-CAC5EFDFE642}.Ad-Hoc|Any CPU.Build.0 = Release|Any CPU
		{845D521B-CC5C-4C17-BC15-CAC5EFDFE642}.Ad-Hoc|Any CPU.Deploy.0 = Release|Any CPU
		{845D521B-CC5C-4C17-BC15-CAC5EFDFE642}.Ad-Hoc|ARM.ActiveCfg = Release|ARM
		{845D521B-CC5C-4C17-BC15-CAC5EFDFE642}.Ad-Hoc|ARM.Build.0 = Release|ARM
		{845D521B-CC5C-4C17-BC15-CAC5EFDFE642}.Ad-Hoc|ARM.Deploy.0 = Release|ARM
		{845D521B-CC5C-4C17-BC15-CAC5EFDFE642}.Ad-Hoc|iPhone.ActiveCfg = Release|Any CPU
		{845D521B-CC5C-4C17-BC15-CAC5EFDFE642}.Ad-Hoc|iPhone.Build.0 = Release|Any CPU
		{845D521B-CC5C-4C17-BC15-CAC5EFDFE642}.Ad-Hoc|iPhone.Deploy.0 = Release|Any CPU
		{845D521B-CC5C-4C17-BC15-CAC5EFDFE642}.Ad-Hoc|iPhoneSimulator.ActiveCfg = Release|Any CPU
		{845D521B-CC5C-4C17-BC15-CAC5EFDFE642}.Ad-Hoc|iPhoneSimulator.Build.0 = Release|Any CPU
		{845D521B-CC5C-4C17-BC15-CAC5EFDFE642}.Ad-Hoc|iPhoneSimulator.Deploy.0 = Release|Any CPU
		{845D521B-CC5C-4C17-BC15-CAC5EFDFE642}.Ad-Hoc|x64.ActiveCfg = Release|x64
		{845D521B-CC5C-4C17-BC15-CAC5EFDFE642}.Ad-Hoc|x64.Build.0 = Release|x64
		{845D521B-CC5C-4C17-BC15-CAC5EFDFE642}.Ad-Hoc|x64.Deploy.0 = Release|x64
		{845D521B-CC5C-4C17-BC15-CAC5EFDFE642}.Ad-Hoc|x86.ActiveCfg = Release|x86
		{845D521B-CC5C-4C17-BC15-CAC5EFDFE642}.Ad-Hoc|x86.Build.0 = Release|x86
		{845D521B-CC5C-4C17-BC15-CAC5EFDFE642}.Ad-Hoc|x86.Deploy.0 = Release|x86
		{845D521B-CC5C-4C17-BC15-CAC5EFDFE642}.AppStore|Any CPU.ActiveCfg = Release|Any CPU
		{845D521B-CC5C-4C17-BC15-CAC5EFDFE642}.AppStore|Any CPU.Build.0 = Release|Any CPU
		{845D521B-CC5C-4C17-BC15-CAC5EFDFE642}.AppStore|Any CPU.Deploy.0 = Release|Any CPU
		{845D521B-CC5C-4C17-BC15-CAC5EFDFE642}.AppStore|ARM.ActiveCfg = Release|ARM
		{845D521B-CC5C-4C17-BC15-CAC5EFDFE642}.AppStore|ARM.Build.0 = Release|ARM
		{845D521B-CC5C-4C17-BC15-CAC5EFDFE642}.AppStore|ARM.Deploy.0 = Release|ARM
		{845D521B-CC5C-4C17-BC15-CAC5EFDFE642}.AppStore|iPhone.ActiveCfg = Release|Any CPU
		{845D521B-CC5C-4C17-BC15-CAC5EFDFE642}.AppStore|iPhone.Build.0 = Release|Any CPU
		{845D521B-CC5C-4C17-BC15-CAC5EFDFE642}.AppStore|iPhone.Deploy.0 = Release|Any CPU
		{845D521B-CC5C-4C17-BC15-CAC5EFDFE642}.AppStore|iPhoneSimulator.ActiveCfg = Release|Any CPU
		{845D521B-CC5C-4C17-BC15-CAC5EFDFE642}.AppStore|iPhoneSimulator.Build.0 = Release|Any CPU
		{845D521B-CC5C-4C17-BC15-CAC5EFDFE642}.AppStore|iPhoneSimulator.Deploy.0 = Release|Any CPU
		{845D521B-CC5C-4C17-BC15-CAC5EFDFE642}.AppStore|x64.ActiveCfg = Release|x64
		{845D521B-CC5C-4C17-BC15-CAC5EFDFE642}.AppStore|x64.Build.0 = Release|x64
		{845D521B-CC5C-4C17-BC15-CAC5EFDFE642}.AppStore|x64.Deploy.0 = Release|x64
		{845D521B-CC5C-4C17-BC15-CAC5EFDFE642}.AppStore|x86.ActiveCfg = Release|x86
		{845D521B-CC5C-4C17-BC15-CAC5EFDFE642}.AppStore|x86.Build.0 = Release|x86
		{845D521B-CC5C-4C17-BC15-CAC5EFDFE642}.AppStore|x86.Deploy.0 = Release|x86
		{845D521B-CC5C-4C17-BC15-CAC5EFDFE642}.Debug|Any CPU.ActiveCfg = Debug|Any CPU
		{845D521B-CC5C-4C17-BC15-CAC5EFDFE642}.Debug|Any CPU.Build.0 = Debug|Any CPU
		{845D521B-CC5C-4C17-BC15-CAC5EFDFE642}.Debug|Any CPU.Deploy.0 = Debug|Any CPU
		{845D521B-CC5C-4C17-BC15-CAC5EFDFE642}.Debug|ARM.ActiveCfg = Debug|ARM
		{845D521B-CC5C-4C17-BC15-CAC5EFDFE642}.Debug|ARM.Build.0 = Debug|ARM
		{845D521B-CC5C-4C17-BC15-CAC5EFDFE642}.Debug|ARM.Deploy.0 = Debug|ARM
		{845D521B-CC5C-4C17-BC15-CAC5EFDFE642}.Debug|iPhone.ActiveCfg = Debug|Any CPU
		{845D521B-CC5C-4C17-BC15-CAC5EFDFE642}.Debug|iPhone.Build.0 = Debug|Any CPU
		{845D521B-CC5C-4C17-BC15-CAC5EFDFE642}.Debug|iPhone.Deploy.0 = Debug|Any CPU
		{845D521B-CC5C-4C17-BC15-CAC5EFDFE642}.Debug|iPhoneSimulator.ActiveCfg = Debug|Any CPU
		{845D521B-CC5C-4C17-BC15-CAC5EFDFE642}.Debug|iPhoneSimulator.Build.0 = Debug|Any CPU
		{845D521B-CC5C-4C17-BC15-CAC5EFDFE642}.Debug|iPhoneSimulator.Deploy.0 = Debug|Any CPU
		{845D521B-CC5C-4C17-BC15-CAC5EFDFE642}.Debug|x64.ActiveCfg = Debug|x64
		{845D521B-CC5C-4C17-BC15-CAC5EFDFE642}.Debug|x64.Build.0 = Debug|x64
		{845D521B-CC5C-4C17-BC15-CAC5EFDFE642}.Debug|x64.Deploy.0 = Debug|x64
		{845D521B-CC5C-4C17-BC15-CAC5EFDFE642}.Debug|x86.ActiveCfg = Debug|x86
		{845D521B-CC5C-4C17-BC15-CAC5EFDFE642}.Debug|x86.Build.0 = Debug|x86
		{845D521B-CC5C-4C17-BC15-CAC5EFDFE642}.Debug|x86.Deploy.0 = Debug|x86
		{845D521B-CC5C-4C17-BC15-CAC5EFDFE642}.Release|Any CPU.ActiveCfg = Release|Any CPU
		{845D521B-CC5C-4C17-BC15-CAC5EFDFE642}.Release|Any CPU.Build.0 = Release|Any CPU
		{845D521B-CC5C-4C17-BC15-CAC5EFDFE642}.Release|Any CPU.Deploy.0 = Release|Any CPU
		{845D521B-CC5C-4C17-BC15-CAC5EFDFE642}.Release|ARM.ActiveCfg = Release|ARM
		{845D521B-CC5C-4C17-BC15-CAC5EFDFE642}.Release|ARM.Build.0 = Release|ARM
		{845D521B-CC5C-4C17-BC15-CAC5EFDFE642}.Release|ARM.Deploy.0 = Release|ARM
		{845D521B-CC5C-4C17-BC15-CAC5EFDFE642}.Release|iPhone.ActiveCfg = Release|Any CPU
		{845D521B-CC5C-4C17-BC15-CAC5EFDFE642}.Release|iPhone.Build.0 = Release|Any CPU
		{845D521B-CC5C-4C17-BC15-CAC5EFDFE642}.Release|iPhone.Deploy.0 = Release|Any CPU
		{845D521B-CC5C-4C17-BC15-CAC5EFDFE642}.Release|iPhoneSimulator.ActiveCfg = Release|Any CPU
		{845D521B-CC5C-4C17-BC15-CAC5EFDFE642}.Release|iPhoneSimulator.Build.0 = Release|Any CPU
		{845D521B-CC5C-4C17-BC15-CAC5EFDFE642}.Release|iPhoneSimulator.Deploy.0 = Release|Any CPU
		{845D521B-CC5C-4C17-BC15-CAC5EFDFE642}.Release|x64.ActiveCfg = Release|x64
		{845D521B-CC5C-4C17-BC15-CAC5EFDFE642}.Release|x64.Build.0 = Release|x64
		{845D521B-CC5C-4C17-BC15-CAC5EFDFE642}.Release|x64.Deploy.0 = Release|x64
		{845D521B-CC5C-4C17-BC15-CAC5EFDFE642}.Release|x86.ActiveCfg = Release|x86
		{845D521B-CC5C-4C17-BC15-CAC5EFDFE642}.Release|x86.Build.0 = Release|x86
		{845D521B-CC5C-4C17-BC15-CAC5EFDFE642}.Release|x86.Deploy.0 = Release|x86
	EndGlobalSection
	GlobalSection(SolutionProperties) = preSolution
		HideSolutionNode = FALSE
	EndGlobalSection
EndGlobal
